// !$*UTF8*$!
{
	archiveVersion = 1;
	classes = {
	};
	objectVersion = 56;
	objects = {

/* Begin PBXBuildFile section */
		27C122652BFC974600F824AE /* iCode.docc in Sources */ = {isa = PBXBuildFile; fileRef = 27C122642BFC974600F824AE /* iCode.docc */; };
		27C1226B2BFC974600F824AE /* iCode.framework in Frameworks */ = {isa = PBXBuildFile; fileRef = 27C122602BFC974600F824AE /* iCode.framework */; };
		27C122702BFC974600F824AE /* iCodeTests.swift in Sources */ = {isa = PBXBuildFile; fileRef = 27C1226F2BFC974600F824AE /* iCodeTests.swift */; };
		27C122712BFC974600F824AE /* iCode.h in Headers */ = {isa = PBXBuildFile; fileRef = 27C122632BFC974600F824AE /* iCode.h */; settings = {ATTRIBUTES = (Public, ); }; };
		27C1227B2BFC9A9B00F824AE /* README.md in Resources */ = {isa = PBXBuildFile; fileRef = 27C1227A2BFC9A9B00F824AE /* README.md */; };
		27ECFEE22C479EF800A1C51A /* Implies.swift in Sources */ = {isa = PBXBuildFile; fileRef = 27ECFEE12C479EF800A1C51A /* Implies.swift */; };
		27ECFEE62C47A5ED00A1C51A /* Implies.swift in Sources */ = {isa = PBXBuildFile; fileRef = 27ECFEE12C479EF800A1C51A /* Implies.swift */; };
		27ECFEE82C47A66400A1C51A /* ImpliesTests.swift in Sources */ = {isa = PBXBuildFile; fileRef = 27ECFEE72C47A66400A1C51A /* ImpliesTests.swift */; };
/* End PBXBuildFile section */

/* Begin PBXContainerItemProxy section */
		27C1226C2BFC974600F824AE /* PBXContainerItemProxy */ = {
			isa = PBXContainerItemProxy;
			containerPortal = 27C122572BFC974600F824AE /* Project object */;
			proxyType = 1;
			remoteGlobalIDString = 27C1225F2BFC974600F824AE;
			remoteInfo = iCode;
		};
/* End PBXContainerItemProxy section */

/* Begin PBXFileReference section */
		27C122602BFC974600F824AE /* iCode.framework */ = {isa = PBXFileReference; explicitFileType = wrapper.framework; includeInIndex = 0; path = iCode.framework; sourceTree = BUILT_PRODUCTS_DIR; };
		27C122632BFC974600F824AE /* iCode.h */ = {isa = PBXFileReference; lastKnownFileType = sourcecode.c.h; path = iCode.h; sourceTree = "<group>"; };
		27C122642BFC974600F824AE /* iCode.docc */ = {isa = PBXFileReference; lastKnownFileType = folder.documentationcatalog; path = iCode.docc; sourceTree = "<group>"; };
		27C1226A2BFC974600F824AE /* iCodeTests.xctest */ = {isa = PBXFileReference; explicitFileType = wrapper.cfbundle; includeInIndex = 0; path = iCodeTests.xctest; sourceTree = BUILT_PRODUCTS_DIR; };
		27C1226F2BFC974600F824AE /* iCodeTests.swift */ = {isa = PBXFileReference; lastKnownFileType = sourcecode.swift; path = iCodeTests.swift; sourceTree = "<group>"; };
		27C1227A2BFC9A9B00F824AE /* README.md */ = {isa = PBXFileReference; fileEncoding = 4; lastKnownFileType = net.daringfireball.markdown; path = README.md; sourceTree = "<group>"; };
		27ECFEE12C479EF800A1C51A /* Implies.swift */ = {isa = PBXFileReference; lastKnownFileType = sourcecode.swift; path = Implies.swift; sourceTree = "<group>"; };
		27ECFEE72C47A66400A1C51A /* ImpliesTests.swift */ = {isa = PBXFileReference; lastKnownFileType = sourcecode.swift; path = ImpliesTests.swift; sourceTree = "<group>"; };
/* End PBXFileReference section */

/* Begin PBXFrameworksBuildPhase section */
		27C1225D2BFC974600F824AE /* Frameworks */ = {
			isa = PBXFrameworksBuildPhase;
			buildActionMask = 2147483647;
			files = (
			);
			runOnlyForDeploymentPostprocessing = 0;
		};
		27C122672BFC974600F824AE /* Frameworks */ = {
			isa = PBXFrameworksBuildPhase;
			buildActionMask = 2147483647;
			files = (
				27C1226B2BFC974600F824AE /* iCode.framework in Frameworks */,
			);
			runOnlyForDeploymentPostprocessing = 0;
		};
/* End PBXFrameworksBuildPhase section */

/* Begin PBXGroup section */
		27C122562BFC974600F824AE = {
			isa = PBXGroup;
			children = (
				27C1227A2BFC9A9B00F824AE /* README.md */,
				27C122622BFC974600F824AE /* iCode */,
				27C1226E2BFC974600F824AE /* iCodeTests */,
				27C122612BFC974600F824AE /* Products */,
			);
			sourceTree = "<group>";
		};
		27C122612BFC974600F824AE /* Products */ = {
			isa = PBXGroup;
			children = (
				27C122602BFC974600F824AE /* iCode.framework */,
				27C1226A2BFC974600F824AE /* iCodeTests.xctest */,
			);
			name = Products;
			sourceTree = "<group>";
		};
		27C122622BFC974600F824AE /* iCode */ = {
			isa = PBXGroup;
			children = (
				27ECFEE02C479E8F00A1C51A /* Operators */,
				27C122632BFC974600F824AE /* iCode.h */,
				27C122642BFC974600F824AE /* iCode.docc */,
			);
			path = iCode;
			sourceTree = "<group>";
		};
		27C1226E2BFC974600F824AE /* iCodeTests */ = {
			isa = PBXGroup;
			children = (
				27ECFEE32C47A13C00A1C51A /* OperatorTests */,
				27C1226F2BFC974600F824AE /* iCodeTests.swift */,
			);
			path = iCodeTests;
			sourceTree = "<group>";
		};
		27ECFEE02C479E8F00A1C51A /* Operators */ = {
			isa = PBXGroup;
			children = (
				27ECFEE12C479EF800A1C51A /* Implies.swift */,
			);
			path = Operators;
			sourceTree = "<group>";
		};
		27ECFEE32C47A13C00A1C51A /* OperatorTests */ = {
			isa = PBXGroup;
			children = (
				27ECFEE72C47A66400A1C51A /* ImpliesTests.swift */,
			);
			path = OperatorTests;
			sourceTree = "<group>";
		};
/* End PBXGroup section */

/* Begin PBXHeadersBuildPhase section */
		27C1225B2BFC974600F824AE /* Headers */ = {
			isa = PBXHeadersBuildPhase;
			buildActionMask = 2147483647;
			files = (
				27C122712BFC974600F824AE /* iCode.h in Headers */,
			);
			runOnlyForDeploymentPostprocessing = 0;
		};
/* End PBXHeadersBuildPhase section */

/* Begin PBXNativeTarget section */
		27C1225F2BFC974600F824AE /* iCode */ = {
			isa = PBXNativeTarget;
			buildConfigurationList = 27C122742BFC974600F824AE /* Build configuration list for PBXNativeTarget "iCode" */;
			buildPhases = (
				27C1225B2BFC974600F824AE /* Headers */,
				27C1225C2BFC974600F824AE /* Sources */,
				27C1225D2BFC974600F824AE /* Frameworks */,
				27C1225E2BFC974600F824AE /* Resources */,
			);
			buildRules = (
			);
			dependencies = (
			);
			name = iCode;
			productName = iCode;
			productReference = 27C122602BFC974600F824AE /* iCode.framework */;
			productType = "com.apple.product-type.framework";
		};
		27C122692BFC974600F824AE /* iCodeTests */ = {
			isa = PBXNativeTarget;
			buildConfigurationList = 27C122772BFC974600F824AE /* Build configuration list for PBXNativeTarget "iCodeTests" */;
			buildPhases = (
				27C122662BFC974600F824AE /* Sources */,
				27C122672BFC974600F824AE /* Frameworks */,
				27C122682BFC974600F824AE /* Resources */,
			);
			buildRules = (
			);
			dependencies = (
				27C1226D2BFC974600F824AE /* PBXTargetDependency */,
			);
			name = iCodeTests;
			productName = iCodeTests;
			productReference = 27C1226A2BFC974600F824AE /* iCodeTests.xctest */;
			productType = "com.apple.product-type.bundle.unit-test";
		};
/* End PBXNativeTarget section */

/* Begin PBXProject section */
		27C122572BFC974600F824AE /* Project object */ = {
			isa = PBXProject;
			attributes = {
				BuildIndependentTargetsInParallel = 1;
				LastSwiftUpdateCheck = 1540;
				LastUpgradeCheck = 1540;
				TargetAttributes = {
					27C1225F2BFC974600F824AE = {
						CreatedOnToolsVersion = 15.4;
					};
					27C122692BFC974600F824AE = {
						CreatedOnToolsVersion = 15.4;
					};
				};
			};
			buildConfigurationList = 27C1225A2BFC974600F824AE /* Build configuration list for PBXProject "iCode" */;
			compatibilityVersion = "Xcode 14.0";
			developmentRegion = en;
			hasScannedForEncodings = 0;
			knownRegions = (
				en,
				Base,
			);
			mainGroup = 27C122562BFC974600F824AE;
			productRefGroup = 27C122612BFC974600F824AE /* Products */;
			projectDirPath = "";
			projectRoot = "";
			targets = (
				27C1225F2BFC974600F824AE /* iCode */,
				27C122692BFC974600F824AE /* iCodeTests */,
			);
		};
/* End PBXProject section */

/* Begin PBXResourcesBuildPhase section */
		27C1225E2BFC974600F824AE /* Resources */ = {
			isa = PBXResourcesBuildPhase;
			buildActionMask = 2147483647;
			files = (
				27C1227B2BFC9A9B00F824AE /* README.md in Resources */,
			);
			runOnlyForDeploymentPostprocessing = 0;
		};
		27C122682BFC974600F824AE /* Resources */ = {
			isa = PBXResourcesBuildPhase;
			buildActionMask = 2147483647;
			files = (
			);
			runOnlyForDeploymentPostprocessing = 0;
		};
/* End PBXResourcesBuildPhase section */

/* Begin PBXSourcesBuildPhase section */
		27C1225C2BFC974600F824AE /* Sources */ = {
			isa = PBXSourcesBuildPhase;
			buildActionMask = 2147483647;
			files = (
				27C122652BFC974600F824AE /* iCode.docc in Sources */,
				27ECFEE22C479EF800A1C51A /* Implies.swift in Sources */,
			);
			runOnlyForDeploymentPostprocessing = 0;
		};
		27C122662BFC974600F824AE /* Sources */ = {
			isa = PBXSourcesBuildPhase;
			buildActionMask = 2147483647;
			files = (
				27ECFEE82C47A66400A1C51A /* ImpliesTests.swift in Sources */,
				27ECFEE62C47A5ED00A1C51A /* Implies.swift in Sources */,
				27C122702BFC974600F824AE /* iCodeTests.swift in Sources */,
			);
			runOnlyForDeploymentPostprocessing = 0;
		};
/* End PBXSourcesBuildPhase section */

/* Begin PBXTargetDependency section */
		27C1226D2BFC974600F824AE /* PBXTargetDependency */ = {
			isa = PBXTargetDependency;
			target = 27C1225F2BFC974600F824AE /* iCode */;
			targetProxy = 27C1226C2BFC974600F824AE /* PBXContainerItemProxy */;
		};
/* End PBXTargetDependency section */

/* Begin XCBuildConfiguration section */
		27C122722BFC974600F824AE /* Debug */ = {
			isa = XCBuildConfiguration;
			buildSettings = {
				ALWAYS_SEARCH_USER_PATHS = NO;
				ASSETCATALOG_COMPILER_GENERATE_SWIFT_ASSET_SYMBOL_EXTENSIONS = YES;
				CLANG_ANALYZER_NONNULL = YES;
				CLANG_ANALYZER_NUMBER_OBJECT_CONVERSION = YES_AGGRESSIVE;
				CLANG_CXX_LANGUAGE_STANDARD = "gnu++20";
				CLANG_ENABLE_MODULES = YES;
				CLANG_ENABLE_OBJC_ARC = YES;
				CLANG_ENABLE_OBJC_WEAK = YES;
				CLANG_WARN_BLOCK_CAPTURE_AUTORELEASING = YES;
				CLANG_WARN_BOOL_CONVERSION = YES;
				CLANG_WARN_COMMA = YES;
				CLANG_WARN_CONSTANT_CONVERSION = YES;
				CLANG_WARN_DEPRECATED_OBJC_IMPLEMENTATIONS = YES;
				CLANG_WARN_DIRECT_OBJC_ISA_USAGE = YES_ERROR;
				CLANG_WARN_DOCUMENTATION_COMMENTS = YES;
				CLANG_WARN_EMPTY_BODY = YES;
				CLANG_WARN_ENUM_CONVERSION = YES;
				CLANG_WARN_INFINITE_RECURSION = YES;
				CLANG_WARN_INT_CONVERSION = YES;
				CLANG_WARN_NON_LITERAL_NULL_CONVERSION = YES;
				CLANG_WARN_OBJC_IMPLICIT_RETAIN_SELF = YES;
				CLANG_WARN_OBJC_LITERAL_CONVERSION = YES;
				CLANG_WARN_OBJC_ROOT_CLASS = YES_ERROR;
				CLANG_WARN_QUOTED_INCLUDE_IN_FRAMEWORK_HEADER = YES;
				CLANG_WARN_RANGE_LOOP_ANALYSIS = YES;
				CLANG_WARN_STRICT_PROTOTYPES = YES;
				CLANG_WARN_SUSPICIOUS_MOVE = YES;
				CLANG_WARN_UNGUARDED_AVAILABILITY = YES_AGGRESSIVE;
				CLANG_WARN_UNREACHABLE_CODE = YES;
				CLANG_WARN__DUPLICATE_METHOD_MATCH = YES;
				COPY_PHASE_STRIP = NO;
				CURRENT_PROJECT_VERSION = 1;
				DEBUG_INFORMATION_FORMAT = dwarf;
				ENABLE_STRICT_OBJC_MSGSEND = YES;
				ENABLE_TESTABILITY = YES;
				ENABLE_USER_SCRIPT_SANDBOXING = YES;
				GCC_C_LANGUAGE_STANDARD = gnu17;
				GCC_DYNAMIC_NO_PIC = NO;
				GCC_NO_COMMON_BLOCKS = YES;
				GCC_OPTIMIZATION_LEVEL = 0;
				GCC_PREPROCESSOR_DEFINITIONS = (
					"DEBUG=1",
					"$(inherited)",
				);
				GCC_WARN_64_TO_32_BIT_CONVERSION = YES;
				GCC_WARN_ABOUT_RETURN_TYPE = YES_ERROR;
				GCC_WARN_UNDECLARED_SELECTOR = YES;
				GCC_WARN_UNINITIALIZED_AUTOS = YES_AGGRESSIVE;
				GCC_WARN_UNUSED_FUNCTION = YES;
				GCC_WARN_UNUSED_VARIABLE = YES;
				IPHONEOS_DEPLOYMENT_TARGET = 17.5;
				LOCALIZATION_PREFERS_STRING_CATALOGS = YES;
				MTL_ENABLE_DEBUG_INFO = INCLUDE_SOURCE;
				MTL_FAST_MATH = YES;
				ONLY_ACTIVE_ARCH = YES;
				SDKROOT = iphoneos;
				SWIFT_ACTIVE_COMPILATION_CONDITIONS = "DEBUG $(inherited)";
				SWIFT_OPTIMIZATION_LEVEL = "-Onone";
				VERSIONING_SYSTEM = "apple-generic";
				VERSION_INFO_PREFIX = "";
			};
			name = Debug;
		};
		27C122732BFC974600F824AE /* Release */ = {
			isa = XCBuildConfiguration;
			buildSettings = {
				ALWAYS_SEARCH_USER_PATHS = NO;
				ASSETCATALOG_COMPILER_GENERATE_SWIFT_ASSET_SYMBOL_EXTENSIONS = YES;
				CLANG_ANALYZER_NONNULL = YES;
				CLANG_ANALYZER_NUMBER_OBJECT_CONVERSION = YES_AGGRESSIVE;
				CLANG_CXX_LANGUAGE_STANDARD = "gnu++20";
				CLANG_ENABLE_MODULES = YES;
				CLANG_ENABLE_OBJC_ARC = YES;
				CLANG_ENABLE_OBJC_WEAK = YES;
				CLANG_WARN_BLOCK_CAPTURE_AUTORELEASING = YES;
				CLANG_WARN_BOOL_CONVERSION = YES;
				CLANG_WARN_COMMA = YES;
				CLANG_WARN_CONSTANT_CONVERSION = YES;
				CLANG_WARN_DEPRECATED_OBJC_IMPLEMENTATIONS = YES;
				CLANG_WARN_DIRECT_OBJC_ISA_USAGE = YES_ERROR;
				CLANG_WARN_DOCUMENTATION_COMMENTS = YES;
				CLANG_WARN_EMPTY_BODY = YES;
				CLANG_WARN_ENUM_CONVERSION = YES;
				CLANG_WARN_INFINITE_RECURSION = YES;
				CLANG_WARN_INT_CONVERSION = YES;
				CLANG_WARN_NON_LITERAL_NULL_CONVERSION = YES;
				CLANG_WARN_OBJC_IMPLICIT_RETAIN_SELF = YES;
				CLANG_WARN_OBJC_LITERAL_CONVERSION = YES;
				CLANG_WARN_OBJC_ROOT_CLASS = YES_ERROR;
				CLANG_WARN_QUOTED_INCLUDE_IN_FRAMEWORK_HEADER = YES;
				CLANG_WARN_RANGE_LOOP_ANALYSIS = YES;
				CLANG_WARN_STRICT_PROTOTYPES = YES;
				CLANG_WARN_SUSPICIOUS_MOVE = YES;
				CLANG_WARN_UNGUARDED_AVAILABILITY = YES_AGGRESSIVE;
				CLANG_WARN_UNREACHABLE_CODE = YES;
				CLANG_WARN__DUPLICATE_METHOD_MATCH = YES;
				COPY_PHASE_STRIP = NO;
				CURRENT_PROJECT_VERSION = 1;
				DEBUG_INFORMATION_FORMAT = "dwarf-with-dsym";
				ENABLE_NS_ASSERTIONS = NO;
				ENABLE_STRICT_OBJC_MSGSEND = YES;
				ENABLE_USER_SCRIPT_SANDBOXING = YES;
				GCC_C_LANGUAGE_STANDARD = gnu17;
				GCC_NO_COMMON_BLOCKS = YES;
				GCC_WARN_64_TO_32_BIT_CONVERSION = YES;
				GCC_WARN_ABOUT_RETURN_TYPE = YES_ERROR;
				GCC_WARN_UNDECLARED_SELECTOR = YES;
				GCC_WARN_UNINITIALIZED_AUTOS = YES_AGGRESSIVE;
				GCC_WARN_UNUSED_FUNCTION = YES;
				GCC_WARN_UNUSED_VARIABLE = YES;
				IPHONEOS_DEPLOYMENT_TARGET = 17.5;
				LOCALIZATION_PREFERS_STRING_CATALOGS = YES;
				MTL_ENABLE_DEBUG_INFO = NO;
				MTL_FAST_MATH = YES;
				SDKROOT = iphoneos;
				SWIFT_COMPILATION_MODE = wholemodule;
				VALIDATE_PRODUCT = YES;
				VERSIONING_SYSTEM = "apple-generic";
				VERSION_INFO_PREFIX = "";
			};
			name = Release;
		};
		27C122752BFC974600F824AE /* Debug */ = {
			isa = XCBuildConfiguration;
			buildSettings = {
				BUILD_LIBRARY_FOR_DISTRIBUTION = YES;
				CODE_SIGN_STYLE = Automatic;
				CURRENT_PROJECT_VERSION = 1;
				DEFINES_MODULE = YES;
				DEVELOPMENT_TEAM = 836SQ257Z6;
				DYLIB_COMPATIBILITY_VERSION = 1;
				DYLIB_CURRENT_VERSION = 1;
				DYLIB_INSTALL_NAME_BASE = "@rpath";
				ENABLE_MODULE_VERIFIER = YES;
				GENERATE_INFOPLIST_FILE = YES;
				INFOPLIST_KEY_NSHumanReadableCopyright = "";
				INSTALL_PATH = "$(LOCAL_LIBRARY_DIR)/Frameworks";
				LD_RUNPATH_SEARCH_PATHS = (
					"$(inherited)",
					"@executable_path/Frameworks",
					"@loader_path/Frameworks",
				);
				MARKETING_VERSION = 1.0;
				MODULE_VERIFIER_SUPPORTED_LANGUAGES = "objective-c objective-c++";
				MODULE_VERIFIER_SUPPORTED_LANGUAGE_STANDARDS = "gnu17 gnu++20";
				PRODUCT_BUNDLE_IDENTIFIER = net.shafraz.icode;
				PRODUCT_NAME = "$(TARGET_NAME:c99extidentifier)";
				SKIP_INSTALL = YES;
				SWIFT_EMIT_LOC_STRINGS = YES;
				SWIFT_INSTALL_OBJC_HEADER = NO;
				SWIFT_VERSION = 5.0;
				TARGETED_DEVICE_FAMILY = "1,2";
			};
			name = Debug;
		};
		27C122762BFC974600F824AE /* Release */ = {
			isa = XCBuildConfiguration;
			buildSettings = {
				BUILD_LIBRARY_FOR_DISTRIBUTION = YES;
				CODE_SIGN_STYLE = Automatic;
				CURRENT_PROJECT_VERSION = 1;
				DEFINES_MODULE = YES;
				DEVELOPMENT_TEAM = 836SQ257Z6;
				DYLIB_COMPATIBILITY_VERSION = 1;
				DYLIB_CURRENT_VERSION = 1;
				DYLIB_INSTALL_NAME_BASE = "@rpath";
				ENABLE_MODULE_VERIFIER = YES;
				GENERATE_INFOPLIST_FILE = YES;
				INFOPLIST_KEY_NSHumanReadableCopyright = "";
				INSTALL_PATH = "$(LOCAL_LIBRARY_DIR)/Frameworks";
				LD_RUNPATH_SEARCH_PATHS = (
					"$(inherited)",
					"@executable_path/Frameworks",
					"@loader_path/Frameworks",
				);
				MARKETING_VERSION = 1.0;
				MODULE_VERIFIER_SUPPORTED_LANGUAGES = "objective-c objective-c++";
				MODULE_VERIFIER_SUPPORTED_LANGUAGE_STANDARDS = "gnu17 gnu++20";
				PRODUCT_BUNDLE_IDENTIFIER = net.shafraz.icode;
				PRODUCT_NAME = "$(TARGET_NAME:c99extidentifier)";
				SKIP_INSTALL = YES;
				SWIFT_EMIT_LOC_STRINGS = YES;
				SWIFT_INSTALL_OBJC_HEADER = NO;
				SWIFT_VERSION = 5.0;
				TARGETED_DEVICE_FAMILY = "1,2";
			};
			name = Release;
		};
		27C122782BFC974600F824AE /* Debug */ = {
			isa = XCBuildConfiguration;
			buildSettings = {
				ALWAYS_EMBED_SWIFT_STANDARD_LIBRARIES = YES;
				CODE_SIGN_STYLE = Automatic;
				CURRENT_PROJECT_VERSION = 1;
				DEVELOPMENT_TEAM = 836SQ257Z6;
				GENERATE_INFOPLIST_FILE = YES;
				MARKETING_VERSION = 1.0;
				PRODUCT_BUNDLE_IDENTIFIER = net.shafraz.iCodeTests;
				PRODUCT_NAME = "$(TARGET_NAME)";
				SWIFT_EMIT_LOC_STRINGS = NO;
				SWIFT_VERSION = 5.0;
				TARGETED_DEVICE_FAMILY = "1,2";
			};
			name = Debug;
		};
		27C122792BFC974600F824AE /* Release */ = {
			isa = XCBuildConfiguration;
			buildSettings = {
				ALWAYS_EMBED_SWIFT_STANDARD_LIBRARIES = YES;
				CODE_SIGN_STYLE = Automatic;
				CURRENT_PROJECT_VERSION = 1;
				DEVELOPMENT_TEAM = 836SQ257Z6;
				GENERATE_INFOPLIST_FILE = YES;
				MARKETING_VERSION = 1.0;
				PRODUCT_BUNDLE_IDENTIFIER = net.shafraz.iCodeTests;
				PRODUCT_NAME = "$(TARGET_NAME)";
				SWIFT_EMIT_LOC_STRINGS = NO;
				SWIFT_VERSION = 5.0;
				TARGETED_DEVICE_FAMILY = "1,2";
			};
			name = Release;
		};
/* End XCBuildConfiguration section */

/* Begin XCConfigurationList section */
		27C1225A2BFC974600F824AE /* Build configuration list for PBXProject "iCode" */ = {
			isa = XCConfigurationList;
			buildConfigurations = (
				27C122722BFC974600F824AE /* Debug */,
				27C122732BFC974600F824AE /* Release */,
			);
			defaultConfigurationIsVisible = 0;
			defaultConfigurationName = Release;
		};
		27C122742BFC974600F824AE /* Build configuration list for PBXNativeTarget "iCode" */ = {
			isa = XCConfigurationList;
			buildConfigurations = (
				27C122752BFC974600F824AE /* Debug */,
				27C122762BFC974600F824AE /* Release */,
			);
			defaultConfigurationIsVisible = 0;
			defaultConfigurationName = Release;
		};
		27C122772BFC974600F824AE /* Build configuration list for PBXNativeTarget "iCodeTests" */ = {
			isa = XCConfigurationList;
			buildConfigurations = (
				27C122782BFC974600F824AE /* Debug */,
				27C122792BFC974600F824AE /* Release */,
			);
			defaultConfigurationIsVisible = 0;
			defaultConfigurationName = Release;
		};
/* End XCConfigurationList section */
	};
	rootObject = 27C122572BFC974600F824AE /* Project object */;
}
